
Microsoft Visual Studio Solution File, Format Version 12.00
# Visual Studio 15
Project("{FAE04EC0-301F-11D3-BF4B-00C04F79EFBC}") = "Assembly-CSharp", "Assembly-CSharp.csproj", "{3C00FEA9-F5D0-4F3F-62A1-41AE92EB1CE1}"
EndProject
Project("{FAE04EC0-301F-11D3-BF4B-00C04F79EFBC}") = "Assembly-CSharp-Editor", "Assembly-CSharp-Editor.csproj", "{632AF0DA-EEBE-7640-53E1-AA4BF8464756}"
EndProject
Global
	GlobalSection(SolutionConfigurationPlatforms) = preSolution
		Debug|Any CPU = Debug|Any CPU
		Release|Any CPU = Release|Any CPU
	EndGlobalSection
	GlobalSection(ProjectConfigurationPlatforms) = postSolution
		{3C00FEA9-F5D0-4F3F-62A1-41AE92EB1CE1}.Debug|Any CPU.ActiveCfg = Debug|Any CPU
		{3C00FEA9-F5D0-4F3F-62A1-41AE92EB1CE1}.Debug|Any CPU.Build.0 = Debug|Any CPU
		{3C00FEA9-F5D0-4F3F-62A1-41AE92EB1CE1}.Release|Any CPU.ActiveCfg = Release|Any CPU
		{3C00FEA9-F5D0-4F3F-62A1-41AE92EB1CE1}.Release|Any CPU.Build.0 = Release|Any CPU
		{632AF0DA-EEBE-7640-53E1-AA4BF8464756}.Debug|Any CPU.ActiveCfg = Debug|Any CPU
		{632AF0DA-EEBE-7640-53E1-AA4BF8464756}.Debug|Any CPU.Build.0 = Debug|Any CPU
		{632AF0DA-EEBE-7640-53E1-AA4BF8464756}.Release|Any CPU.ActiveCfg = Release|Any CPU
		{632AF0DA-EEBE-7640-53E1-AA4BF8464756}.Release|Any CPU.Build.0 = Release|Any CPU
	EndGlobalSection
	GlobalSection(SolutionProperties) = preSolution
		HideSolutionNode = FALSE
	EndGlobalSection
EndGlobal
